// !$*UTF8*$!
{
	archiveVersion = 1;
	classes = {
	};
	objectVersion = 50;
	objects = {

/* Begin PBXBuildFile section */
		5530CE58248307F00016AA2A /* quotes.plist in Resources */ = {isa = PBXBuildFile; fileRef = 5530CE57248307F00016AA2A /* quotes.plist */; };
		55B0C7072482C69A004D0CF2 /* AppDelegate.m in Sources */ = {isa = PBXBuildFile; fileRef = 55B0C7062482C69A004D0CF2 /* AppDelegate.m */; };
		55B0C70A2482C69A004D0CF2 /* SceneDelegate.m in Sources */ = {isa = PBXBuildFile; fileRef = 55B0C7092482C69A004D0CF2 /* SceneDelegate.m */; };
		55B0C70D2482C69A004D0CF2 /* ViewController.m in Sources */ = {isa = PBXBuildFile; fileRef = 55B0C70C2482C69A004D0CF2 /* ViewController.m */; };
		55B0C7102482C69A004D0CF2 /* Main.storyboard in Resources */ = {isa = PBXBuildFile; fileRef = 55B0C70E2482C69A004D0CF2 /* Main.storyboard */; };
		55B0C7122482C6A1004D0CF2 /* Assets.xcassets in Resources */ = {isa = PBXBuildFile; fileRef = 55B0C7112482C6A1004D0CF2 /* Assets.xcassets */; };
		55B0C7152482C6A1004D0CF2 /* LaunchScreen.storyboard in Resources */ = {isa = PBXBuildFile; fileRef = 55B0C7132482C6A1004D0CF2 /* LaunchScreen.storyboard */; };
		55B0C7182482C6A1004D0CF2 /* main.m in Sources */ = {isa = PBXBuildFile; fileRef = 55B0C7172482C6A1004D0CF2 /* main.m */; };
/* End PBXBuildFile section */

/* Begin PBXFileReference section */
		5530CE57248307F00016AA2A /* quotes.plist */ = {isa = PBXFileReference; lastKnownFileType = text.plist.xml; path = quotes.plist; sourceTree = "<group>"; };
		55B0C7022482C69A004D0CF2 /* HelloWorld.app */ = {isa = PBXFileReference; explicitFileType = wrapper.application; includeInIndex = 0; path = HelloWorld.app; sourceTree = BUILT_PRODUCTS_DIR; };
		55B0C7052482C69A004D0CF2 /* AppDelegate.h */ = {isa = PBXFileReference; lastKnownFileType = sourcecode.c.h; path = AppDelegate.h; sourceTree = "<group>"; };
		55B0C7062482C69A004D0CF2 /* AppDelegate.m */ = {isa = PBXFileReference; lastKnownFileType = sourcecode.c.objc; path = AppDelegate.m; sourceTree = "<group>"; };
		55B0C7082482C69A004D0CF2 /* SceneDelegate.h */ = {isa = PBXFileReference; lastKnownFileType = sourcecode.c.h; path = SceneDelegate.h; sourceTree = "<group>"; };
		55B0C7092482C69A004D0CF2 /* SceneDelegate.m */ = {isa = PBXFileReference; lastKnownFileType = sourcecode.c.objc; path = SceneDelegate.m; sourceTree = "<group>"; };
		55B0C70B2482C69A004D0CF2 /* ViewController.h */ = {isa = PBXFileReference; lastKnownFileType = sourcecode.c.h; path = ViewController.h; sourceTree = "<group>"; };
		55B0C70C2482C69A004D0CF2 /* ViewController.m */ = {isa = PBXFileReference; lastKnownFileType = sourcecode.c.objc; path = ViewController.m; sourceTree = "<group>"; };
		55B0C70F2482C69A004D0CF2 /* Base */ = {isa = PBXFileReference; lastKnownFileType = file.storyboard; name = Base; path = Base.lproj/Main.storyboard; sourceTree = "<group>"; };
		55B0C7112482C6A1004D0CF2 /* Assets.xcassets */ = {isa = PBXFileReference; lastKnownFileType = folder.assetcatalog; path = Assets.xcassets; sourceTree = "<group>"; };
		55B0C7142482C6A1004D0CF2 /* Base */ = {isa = PBXFileReference; lastKnownFileType = file.storyboard; name = Base; path = Base.lproj/LaunchScreen.storyboard; sourceTree = "<group>"; };
		55B0C7162482C6A1004D0CF2 /* Info.plist */ = {isa = PBXFileReference; lastKnownFileType = text.plist.xml; path = Info.plist; sourceTree = "<group>"; };
		55B0C7172482C6A1004D0CF2 /* main.m */ = {isa = PBXFileReference; lastKnownFileType = sourcecode.c.objc; path = main.m; sourceTree = "<group>"; };
/* End PBXFileReference section */

/* Begin PBXFrameworksBuildPhase section */
		55B0C6FF2482C69A004D0CF2 /* Frameworks */ = {
			isa = PBXFrameworksBuildPhase;
			buildActionMask = 2147483647;
			files = (
			);
			runOnlyForDeploymentPostprocessing = 0;
		};
/* End PBXFrameworksBuildPhase section */

/* Begin PBXGroup section */
		55B0C6F92482C69A004D0CF2 = {
			isa = PBXGroup;
			children = (
				55B0C7042482C69A004D0CF2 /* HelloWorld */,
				55B0C7032482C69A004D0CF2 /* Products */,
			);
			sourceTree = "<group>";
		};
		55B0C7032482C69A004D0CF2 /* Products */ = {
			isa = PBXGroup;
			children = (
				55B0C7022482C69A004D0CF2 /* HelloWorld.app */,
			);
			name = Products;
			sourceTree = "<group>";
		};
		55B0C7042482C69A004D0CF2 /* HelloWorld */ = {
			isa = PBXGroup;
			children = (
				55B0C7052482C69A004D0CF2 /* AppDelegate.h */,
				55B0C7062482C69A004D0CF2 /* AppDelegate.m */,
				55B0C7082482C69A004D0CF2 /* SceneDelegate.h */,
				55B0C7092482C69A004D0CF2 /* SceneDelegate.m */,
				55B0C70B2482C69A004D0CF2 /* ViewController.h */,
				55B0C70C2482C69A004D0CF2 /* ViewController.m */,
				55B0C70E2482C69A004D0CF2 /* Main.storyboard */,
				55B0C7112482C6A1004D0CF2 /* Assets.xcassets */,
				55B0C7132482C6A1004D0CF2 /* LaunchScreen.storyboard */,
				55B0C7162482C6A1004D0CF2 /* Info.plist */,
				55B0C7172482C6A1004D0CF2 /* main.m */,
				5530CE57248307F00016AA2A /* quotes.plist */,
			);
			path = HelloWorld;
			sourceTree = "<group>";
		};
/* End PBXGroup section */

/* Begin PBXNativeTarget section */
		55B0C7012482C69A004D0CF2 /* HelloWorld */ = {
			isa = PBXNativeTarget;
			buildConfigurationList = 55B0C71B2482C6A1004D0CF2 /* Build configuration list for PBXNativeTarget "HelloWorld" */;
			buildPhases = (
				55B0C6FE2482C69A004D0CF2 /* Sources */,
				55B0C6FF2482C69A004D0CF2 /* Frameworks */,
				55B0C7002482C69A004D0CF2 /* Resources */,
			);
			buildRules = (
			);
			dependencies = (
			);
			name = HelloWorld;
			productName = HelloWorld;
			productReference = 55B0C7022482C69A004D0CF2 /* HelloWorld.app */;
			productType = "com.apple.product-type.application";
		};
/* End PBXNativeTarget section */

/* Begin PBXProject section */
		55B0C6FA2482C69A004D0CF2 /* Project object */ = {
			isa = PBXProject;
			attributes = {
				LastUpgradeCheck = 1150;
				ORGANIZATIONNAME = "shivam singh";
				TargetAttributes = {
					55B0C7012482C69A004D0CF2 = {
						CreatedOnToolsVersion = 11.5;
					};
				};
			};
			buildConfigurationList = 55B0C6FD2482C69A004D0CF2 /* Build configuration list for PBXProject "HelloWorld" */;
			compatibilityVersion = "Xcode 9.3";
			developmentRegion = en;
			hasScannedForEncodings = 0;
			knownRegions = (
				en,
				Base,
			);
			mainGroup = 55B0C6F92482C69A004D0CF2;
			productRefGroup = 55B0C7032482C69A004D0CF2 /* Products */;
			projectDirPath = "";
			projectRoot = "";
			targets = (
				55B0C7012482C69A004D0CF2 /* HelloWorld */,
			);
		};
/* End PBXProject section */

/* Begin PBXResourcesBuildPhase section */
		55B0C7002482C69A004D0CF2 /* Resources */ = {
			isa = PBXResourcesBuildPhase;
			buildActionMask = 2147483647;
			files = (
				55B0C7152482C6A1004D0CF2 /* LaunchScreen.storyboard in Resources */,
				55B0C7122482C6A1004D0CF2 /* Assets.xcassets in Resources */,
				55B0C7102482C69A004D0CF2 /* Main.storyboard in Resources */,
				5530CE58248307F00016AA2A /* quotes.plist in Resources */,
			);
			runOnlyForDeploymentPostprocessing = 0;
		};
/* End PBXResourcesBuildPhase section */

/* Begin PBXSourcesBuildPhase section */
		55B0C6FE2482C69A004D0CF2 /* Sources */ = {
			isa = PBXSourcesBuildPhase;
			buildActionMask = 2147483647;
			files = (
				55B0C70D2482C69A004D0CF2 /* ViewController.m in Sources */,
				55B0C7072482C69A004D0CF2 /* AppDelegate.m in Sources */,
				55B0C7182482C6A1004D0CF2 /* main.m in Sources */,
				55B0C70A2482C69A004D0CF2 /* SceneDelegate.m in Sources */,
			);
			runOnlyForDeploymentPostprocessing = 0;
		};
/* End PBXSourcesBuildPhase section */

/* Begin PBXVariantGroup section */
		55B0C70E2482C69A004D0CF2 /* Main.storyboard */ = {
			isa = PBXVariantGroup;
			children = (
				55B0C70F2482C69A004D0CF2 /* Base */,
			);
			name = Main.storyboard;
			sourceTree = "<group>";
		};
		55B0C7132482C6A1004D0CF2 /* LaunchScreen.storyboard */ = {
			isa = PBXVariantGroup;
			children = (
				55B0C7142482C6A1004D0CF2 /* Base */,
			);
			name = LaunchScreen.storyboard;
			sourceTree = "<group>";
		};
/* End PBXVariantGroup section */

/* Begin XCBuildConfiguration section */
		55B0C7192482C6A1004D0CF2 /* Debug */ = {
			isa = XCBuildConfiguration;
			buildSettings = {
				ALWAYS_SEARCH_USER_PATHS = NO;
				CLANG_ANALYZER_NONNULL = YES;
				CLANG_ANALYZER_NUMBER_OBJECT_CONVERSION = YES_AGGRESSIVE;
				CLANG_CXX_LANGUAGE_STANDARD = "gnu++14";
				CLANG_CXX_LIBRARY = "libc++";
				CLANG_ENABLE_MODULES = YES;
				CLANG_ENABLE_OBJC_ARC = YES;
				CLANG_ENABLE_OBJC_WEAK = YES;
				CLANG_WARN_BLOCK_CAPTURE_AUTORELEASING = YES;
				CLANG_WARN_BOOL_CONVERSION = YES;
				CLANG_WARN_COMMA = YES;
				CLANG_WARN_CONSTANT_CONVERSION = YES;
				CLANG_WARN_DEPRECATED_OBJC_IMPLEMENTATIONS = YES;
				CLANG_WARN_DIRECT_OBJC_ISA_USAGE = YES_ERROR;
				CLANG_WARN_DOCUMENTATION_COMMENTS = YES;
				CLANG_WARN_EMPTY_BODY = YES;
				CLANG_WARN_ENUM_CONVERSION = YES;
				CLANG_WARN_INFINITE_RECURSION = YES;
				CLANG_WARN_INT_CONVERSION = YES;
				CLANG_WARN_NON_LITERAL_NULL_CONVERSION = YES;
				CLANG_WARN_OBJC_IMPLICIT_RETAIN_SELF = YES;
				CLANG_WARN_OBJC_LITERAL_CONVERSION = YES;
				CLANG_WARN_OBJC_ROOT_CLASS = YES_ERROR;
				CLANG_WARN_RANGE_LOOP_ANALYSIS = YES;
				CLANG_WARN_STRICT_PROTOTYPES = YES;
				CLANG_WARN_SUSPICIOUS_MOVE = YES;
				CLANG_WARN_UNGUARDED_AVAILABILITY = YES_AGGRESSIVE;
				CLANG_WARN_UNREACHABLE_CODE = YES;
				CLANG_WARN__DUPLICATE_METHOD_MATCH = YES;
				COPY_PHASE_STRIP = NO;
				DEBUG_INFORMATION_FORMAT = dwarf;
				ENABLE_STRICT_OBJC_MSGSEND = YES;
				ENABLE_TESTABILITY = YES;
				GCC_C_LANGUAGE_STANDARD = gnu11;
				GCC_DYNAMIC_NO_PIC = NO;
				GCC_NO_COMMON_BLOCKS = YES;
				GCC_OPTIMIZATION_LEVEL = 0;
				GCC_PREPROCESSOR_DEFINITIONS = (
					"DEBUG=1",
					"$(inherited)",
				);
				GCC_WARN_64_TO_32_BIT_CONVERSION = YES;
				GCC_WARN_ABOUT_RETURN_TYPE = YES_ERROR;
				GCC_WARN_UNDECLARED_SELECTOR = YES;
				GCC_WARN_UNINITIALIZED_AUTOS = YES_AGGRESSIVE;
				GCC_WARN_UNUSED_FUNCTION = YES;
				GCC_WARN_UNUSED_VARIABLE = YES;
				IPHONEOS_DEPLOYMENT_TARGET = 13.5;
				MTL_ENABLE_DEBUG_INFO = INCLUDE_SOURCE;
				MTL_FAST_MATH = YES;
				ONLY_ACTIVE_ARCH = YES;
				SDKROOT = iphoneos;
			};
			name = Debug;
		};
		55B0C71A2482C6A1004D0CF2 /* Release */ = {
			isa = XCBuildConfiguration;
			buildSettings = {
				ALWAYS_SEARCH_USER_PATHS = NO;
				CLANG_ANALYZER_NONNULL = YES;
				CLANG_ANALYZER_NUMBER_OBJECT_CONVERSION = YES_AGGRESSIVE;
				CLANG_CXX_LANGUAGE_STANDARD = "gnu++14";
				CLANG_CXX_LIBRARY = "libc++";
				CLANG_ENABLE_MODULES = YES;
				CLANG_ENABLE_OBJC_ARC = YES;
				CLANG_ENABLE_OBJC_WEAK = YES;
				CLANG_WARN_BLOCK_CAPTURE_AUTORELEASING = YES;
				CLANG_WARN_BOOL_CONVERSION = YES;
				CLANG_WARN_COMMA = YES;
				CLANG_WARN_CONSTANT_CONVERSION = YES;
				CLANG_WARN_DEPRECATED_OBJC_IMPLEMENTATIONS = YES;
				CLANG_WARN_DIRECT_OBJC_ISA_USAGE = YES_ERROR;
				CLANG_WARN_DOCUMENTATION_COMMENTS = YES;
				CLANG_WARN_EMPTY_BODY = YES;
				CLANG_WARN_ENUM_CONVERSION = YES;
				CLANG_WARN_INFINITE_RECURSION = YES;
				CLANG_WARN_INT_CONVERSION = YES;
				CLANG_WARN_NON_LITERAL_NULL_CONVERSION = YES;
				CLANG_WARN_OBJC_IMPLICIT_RETAIN_SELF = YES;
				CLANG_WARN_OBJC_LITERAL_CONVERSION = YES;
				CLANG_WARN_OBJC_ROOT_CLASS = YES_ERROR;
				CLANG_WARN_RANGE_LOOP_ANALYSIS = YES;
				CLANG_WARN_STRICT_PROTOTYPES = YES;
				CLANG_WARN_SUSPICIOUS_MOVE = YES;
				CLANG_WARN_UNGUARDED_AVAILABILITY = YES_AGGRESSIVE;
				CLANG_WARN_UNREACHABLE_CODE = YES;
				CLANG_WARN__DUPLICATE_METHOD_MATCH = YES;
				COPY_PHASE_STRIP = NO;
				DEBUG_INFORMATION_FORMAT = "dwarf-with-dsym";
				ENABLE_NS_ASSERTIONS = NO;
				ENABLE_STRICT_OBJC_MSGSEND = YES;
				GCC_C_LANGUAGE_STANDARD = gnu11;
				GCC_NO_COMMON_BLOCKS = YES;
				GCC_WARN_64_TO_32_BIT_CONVERSION = YES;
				GCC_WARN_ABOUT_RETURN_TYPE = YES_ERROR;
				GCC_WARN_UNDECLARED_SELECTOR = YES;
				GCC_WARN_UNINITIALIZED_AUTOS = YES_AGGRESSIVE;
				GCC_WARN_UNUSED_FUNCTION = YES;
				GCC_WARN_UNUSED_VARIABLE = YES;
				IPHONEOS_DEPLOYMENT_TARGET = 13.5;
				MTL_ENABLE_DEBUG_INFO = NO;
				MTL_FAST_MATH = YES;
				SDKROOT = iphoneos;
				VALIDATE_PRODUCT = YES;
			};
			name = Release;
		};
		55B0C71C2482C6A1004D0CF2 /* Debug */ = {
			isa = XCBuildConfiguration;
			buildSettings = {
				ASSETCATALOG_COMPILER_APPICON_NAME = AppIcon;
				CODE_SIGN_STYLE = Automatic;
				INFOPLIST_FILE = HelloWorld/Info.plist;
				LD_RUNPATH_SEARCH_PATHS = (
					"$(inherited)",
					"@executable_path/Frameworks",
				);
				PRODUCT_BUNDLE_IDENTIFIER = com.singhshivam.HelloWorld;
				PRODUCT_NAME = "$(TARGET_NAME)";
				TARGETED_DEVICE_FAMILY = "1,2";
			};
			name = Debug;
		};
		55B0C71D2482C6A1004D0CF2 /* Release */ = {
			isa = XCBuildConfiguration;
			buildSettings = {
				ASSETCATALOG_COMPILER_APPICON_NAME = AppIcon;
				CODE_SIGN_STYLE = Automatic;
				INFOPLIST_FILE = HelloWorld/Info.plist;
				LD_RUNPATH_SEARCH_PATHS = (
					"$(inherited)",
					"@executable_path/Frameworks",
				);
				PRODUCT_BUNDLE_IDENTIFIER = com.singhshivam.HelloWorld;
				PRODUCT_NAME = "$(TARGET_NAME)";
				TARGETED_DEVICE_FAMILY = "1,2";
			};
			name = Release;
		};
/* End XCBuildConfiguration section */

/* Begin XCConfigurationList section */
		55B0C6FD2482C69A004D0CF2 /* Build configuration list for PBXProject "HelloWorld" */ = {
			isa = XCConfigurationList;
			buildConfigurations = (
				55B0C7192482C6A1004D0CF2 /* Debug */,
				55B0C71A2482C6A1004D0CF2 /* Release */,
			);
			defaultConfigurationIsVisible = 0;
			defaultConfigurationName = Release;
		};
		55B0C71B2482C6A1004D0CF2 /* Build configuration list for PBXNativeTarget "HelloWorld" */ = {
			isa = XCConfigurationList;
			buildConfigurations = (
				55B0C71C2482C6A1004D0CF2 /* Debug */,
				55B0C71D2482C6A1004D0CF2 /* Release */,
			);
			defaultConfigurationIsVisible = 0;
			defaultConfigurationName = Release;
		};
/* End XCConfigurationList section */
	};
	rootObject = 55B0C6FA2482C69A004D0CF2 /* Project object */;
}
